PODS:
  - Flutter (1.0.0)
  - truenas_native_plugins (0.1.0):
    - Flutter

DEPENDENCIES:
  - Flutter (from `Flutter`)
  - truenas_native_plugins (from `.symlinks/plugins/truenas_native_plugins/ios`)

EXTERNAL SOURCES:
  Flutter:
    :path: Flutter
  truenas_native_plugins:
    :path: ".symlinks/plugins/truenas_native_plugins/ios"

SPEC CHECKSUMS:
  Flutter: 71a624a5bc0c04062bf19101d501e466baf2fb47
  truenas_native_plugins: cfa81d52b63912426cd098e5bf66b214a3f88582

PODFILE CHECKSUM: d947a0c4c38c16169ec170c81d3e79d6e183581f

COCOAPODS: 1.17.0
